# This file was autogenerated by Stack.
# You should not edit this file by hand.
# For more information, please see the documentation at:
#   https://docs.haskellstack.org/en/stable/lock_files

packages:
- completed:
    commit: 5787946c3c89c9b608f4d5308d2a27cc9a27761f
    git: https://github.com/kowainik/typerep-map.git
    name: typerep-map
    pantry-tree:
      sha256: f6b3b35ee5c099de08a9e5d1dea3dfefa1fdaac926b3473724fc0e59f2697bd0
      size: 1937
    version: 0.6.0.0
  original:
    commit: 5787946c3c89c9b608f4d5308d2a27cc9a27761f
    git: https://github.com/kowainik/typerep-map.git
- completed:
    commit: 0919ba89f2e62e6d9590f96a20e45653a550a7f0
    git: https://github.com/well-typed/falsify.git
    name: falsify
    pantry-tree:
      sha256: 96d0d0b4ef5b87b88f4c7e6ca93de6a9cfca5f788713be8faf32d6125000aa60
      size: 3162
    subdir: lib
    version: 0.1.1
  original:
    commit: 0919ba89f2e62e6d9590f96a20e45653a550a7f0
    git: https://github.com/well-typed/falsify.git
    subdir: lib
snapshots:
- completed:
    sha256: 1d25e3e0e2edb856951e8903821e0199a1112ab48b76c83f814e4f7596961e89
    size: 598120
    url: https://raw.githubusercontent.com/commercialhaskell/stackage-snapshots/master/nightly/2023/2/14.yaml
  original:
    url: https://raw.githubusercontent.com/commercialhaskell/stackage-snapshots/master/nightly/2023/2/14.yaml
